
Microsoft Visual Studio Solution File, Format Version 12.00
# Visual Studio Version 16
VisualStudioVersion = 16.0.31005.135
MinimumVisualStudioVersion = 10.0.40219.1
Project("{FAE04EC0-301F-11D3-BF4B-00C04F79EFBC}") = "UlcService", "UlcService\UlcService.csproj", "{694EDC5D-A39B-4381-A17E-3DFF131FB66C}"
EndProject
Global
	GlobalSection(SolutionConfigurationPlatforms) = preSolution
		Debug|Any CPU = Debug|Any CPU
		Release|Any CPU = Release|Any CPU
	EndGlobalSection
	GlobalSection(ProjectConfigurationPlatforms) = postSolution
		{694EDC5D-A39B-4381-A17E-3DFF131FB66C}.Debug|Any CPU.ActiveCfg = Debug|Any CPU
		{694EDC5D-A39B-4381-A17E-3DFF131FB66C}.Debug|Any CPU.Build.0 = Debug|Any CPU
		{694EDC5D-A39B-4381-A17E-3DFF131FB66C}.Release|Any CPU.ActiveCfg = Release|Any CPU
		{694EDC5D-A39B-4381-A17E-3DFF131FB66C}.Release|Any CPU.Build.0 = Release|Any CPU
	EndGlobalSection
	GlobalSection(SolutionProperties) = preSolution
		HideSolutionNode = FALSE
	EndGlobalSection
	GlobalSection(ExtensibilityGlobals) = postSolution
		SolutionGuid = {D1B49DD7-FC04-4E6A-9E13-7A588C7D83AE}
	EndGlobalSection
EndGlobal
